// !$*UTF8*$!
{
	archiveVersion = 1;
	classes = {
	};
	objectVersion = 50;
	objects = {

/* Begin PBXBuildFile section */
		0895AF0120E2A3A9005CC207 /* GetInfoViewController.swift in Sources */ = {isa = PBXBuildFile; fileRef = 0895AF0020E2A3A9005CC207 /* GetInfoViewController.swift */; };
		0895AF0320E2A3C6005CC207 /* ShowInfoViewController.swift in Sources */ = {isa = PBXBuildFile; fileRef = 0895AF0220E2A3C6005CC207 /* ShowInfoViewController.swift */; };
		08C3815E20E186DD002E8EEA /* AppDelegate.swift in Sources */ = {isa = PBXBuildFile; fileRef = 08C3815D20E186DD002E8EEA /* AppDelegate.swift */; };
		08C3816020E186DD002E8EEA /* ViewController.swift in Sources */ = {isa = PBXBuildFile; fileRef = 08C3815F20E186DD002E8EEA /* ViewController.swift */; };
		08C3816320E186DD002E8EEA /* Main.storyboard in Resources */ = {isa = PBXBuildFile; fileRef = 08C3816120E186DD002E8EEA /* Main.storyboard */; };
		08C3816620E186DD002E8EEA /* finalProject.xcdatamodeld in Sources */ = {isa = PBXBuildFile; fileRef = 08C3816420E186DD002E8EEA /* finalProject.xcdatamodeld */; };
		08C3816820E186DD002E8EEA /* Assets.xcassets in Resources */ = {isa = PBXBuildFile; fileRef = 08C3816720E186DD002E8EEA /* Assets.xcassets */; };
		08C3816B20E186DD002E8EEA /* LaunchScreen.storyboard in Resources */ = {isa = PBXBuildFile; fileRef = 08C3816920E186DD002E8EEA /* LaunchScreen.storyboard */; };
		08C3817620E186DD002E8EEA /* finalProjectTests.swift in Sources */ = {isa = PBXBuildFile; fileRef = 08C3817520E186DD002E8EEA /* finalProjectTests.swift */; };
		08C3818120E186DD002E8EEA /* finalProjectUITests.swift in Sources */ = {isa = PBXBuildFile; fileRef = 08C3818020E186DD002E8EEA /* finalProjectUITests.swift */; };
/* End PBXBuildFile section */

/* Begin PBXContainerItemProxy section */
		08C3817220E186DD002E8EEA /* PBXContainerItemProxy */ = {
			isa = PBXContainerItemProxy;
			containerPortal = 08C3815220E186DD002E8EEA /* Project object */;
			proxyType = 1;
			remoteGlobalIDString = 08C3815920E186DD002E8EEA;
			remoteInfo = finalProject;
		};
		08C3817D20E186DD002E8EEA /* PBXContainerItemProxy */ = {
			isa = PBXContainerItemProxy;
			containerPortal = 08C3815220E186DD002E8EEA /* Project object */;
			proxyType = 1;
			remoteGlobalIDString = 08C3815920E186DD002E8EEA;
			remoteInfo = finalProject;
		};
/* End PBXContainerItemProxy section */

/* Begin PBXFileReference section */
		0895AF0020E2A3A9005CC207 /* GetInfoViewController.swift */ = {isa = PBXFileReference; lastKnownFileType = sourcecode.swift; path = GetInfoViewController.swift; sourceTree = "<group>"; };
		0895AF0220E2A3C6005CC207 /* ShowInfoViewController.swift */ = {isa = PBXFileReference; lastKnownFileType = sourcecode.swift; path = ShowInfoViewController.swift; sourceTree = "<group>"; };
		08C3815A20E186DD002E8EEA /* finalProject.app */ = {isa = PBXFileReference; explicitFileType = wrapper.application; includeInIndex = 0; path = finalProject.app; sourceTree = BUILT_PRODUCTS_DIR; };
		08C3815D20E186DD002E8EEA /* AppDelegate.swift */ = {isa = PBXFileReference; lastKnownFileType = sourcecode.swift; path = AppDelegate.swift; sourceTree = "<group>"; };
		08C3815F20E186DD002E8EEA /* ViewController.swift */ = {isa = PBXFileReference; lastKnownFileType = sourcecode.swift; path = ViewController.swift; sourceTree = "<group>"; };
		08C3816220E186DD002E8EEA /* Base */ = {isa = PBXFileReference; lastKnownFileType = file.storyboard; name = Base; path = Base.lproj/Main.storyboard; sourceTree = "<group>"; };
		08C3816520E186DD002E8EEA /* finalProject.xcdatamodel */ = {isa = PBXFileReference; lastKnownFileType = wrapper.xcdatamodel; path = finalProject.xcdatamodel; sourceTree = "<group>"; };
		08C3816720E186DD002E8EEA /* Assets.xcassets */ = {isa = PBXFileReference; lastKnownFileType = folder.assetcatalog; path = Assets.xcassets; sourceTree = "<group>"; };
		08C3816A20E186DD002E8EEA /* Base */ = {isa = PBXFileReference; lastKnownFileType = file.storyboard; name = Base; path = Base.lproj/LaunchScreen.storyboard; sourceTree = "<group>"; };
		08C3816C20E186DD002E8EEA /* Info.plist */ = {isa = PBXFileReference; lastKnownFileType = text.plist.xml; path = Info.plist; sourceTree = "<group>"; };
		08C3817120E186DD002E8EEA /* finalProjectTests.xctest */ = {isa = PBXFileReference; explicitFileType = wrapper.cfbundle; includeInIndex = 0; path = finalProjectTests.xctest; sourceTree = BUILT_PRODUCTS_DIR; };
		08C3817520E186DD002E8EEA /* finalProjectTests.swift */ = {isa = PBXFileReference; lastKnownFileType = sourcecode.swift; path = finalProjectTests.swift; sourceTree = "<group>"; };
		08C3817720E186DD002E8EEA /* Info.plist */ = {isa = PBXFileReference; lastKnownFileType = text.plist.xml; path = Info.plist; sourceTree = "<group>"; };
		08C3817C20E186DD002E8EEA /* finalProjectUITests.xctest */ = {isa = PBXFileReference; explicitFileType = wrapper.cfbundle; includeInIndex = 0; path = finalProjectUITests.xctest; sourceTree = BUILT_PRODUCTS_DIR; };
		08C3818020E186DD002E8EEA /* finalProjectUITests.swift */ = {isa = PBXFileReference; lastKnownFileType = sourcecode.swift; path = finalProjectUITests.swift; sourceTree = "<group>"; };
		08C3818220E186DD002E8EEA /* Info.plist */ = {isa = PBXFileReference; lastKnownFileType = text.plist.xml; path = Info.plist; sourceTree = "<group>"; };
/* End PBXFileReference section */

/* Begin PBXFrameworksBuildPhase section */
		08C3815720E186DD002E8EEA /* Frameworks */ = {
			isa = PBXFrameworksBuildPhase;
			buildActionMask = 2147483647;
			files = (
			);
			runOnlyForDeploymentPostprocessing = 0;
		};
		08C3816E20E186DD002E8EEA /* Frameworks */ = {
			isa = PBXFrameworksBuildPhase;
			buildActionMask = 2147483647;
			files = (
			);
			runOnlyForDeploymentPostprocessing = 0;
		};
		08C3817920E186DD002E8EEA /* Frameworks */ = {
			isa = PBXFrameworksBuildPhase;
			buildActionMask = 2147483647;
			files = (
			);
			runOnlyForDeploymentPostprocessing = 0;
		};
/* End PBXFrameworksBuildPhase section */

/* Begin PBXGroup section */
		08C3815120E186DD002E8EEA = {
			isa = PBXGroup;
			children = (
				08C3815C20E186DD002E8EEA /* finalProject */,
				08C3817420E186DD002E8EEA /* finalProjectTests */,
				08C3817F20E186DD002E8EEA /* finalProjectUITests */,
				08C3815B20E186DD002E8EEA /* Products */,
			);
			sourceTree = "<group>";
		};
		08C3815B20E186DD002E8EEA /* Products */ = {
			isa = PBXGroup;
			children = (
				08C3815A20E186DD002E8EEA /* finalProject.app */,
				08C3817120E186DD002E8EEA /* finalProjectTests.xctest */,
				08C3817C20E186DD002E8EEA /* finalProjectUITests.xctest */,
			);
			name = Products;
			sourceTree = "<group>";
		};
		08C3815C20E186DD002E8EEA /* finalProject */ = {
			isa = PBXGroup;
			children = (
				08C3815D20E186DD002E8EEA /* AppDelegate.swift */,
				08C3815F20E186DD002E8EEA /* ViewController.swift */,
				08C3816120E186DD002E8EEA /* Main.storyboard */,
				0895AF0020E2A3A9005CC207 /* GetInfoViewController.swift */,
				0895AF0220E2A3C6005CC207 /* ShowInfoViewController.swift */,
				08C3816720E186DD002E8EEA /* Assets.xcassets */,
				08C3816920E186DD002E8EEA /* LaunchScreen.storyboard */,
				08C3816C20E186DD002E8EEA /* Info.plist */,
				08C3816420E186DD002E8EEA /* finalProject.xcdatamodeld */,
			);
			path = finalProject;
			sourceTree = "<group>";
		};
		08C3817420E186DD002E8EEA /* finalProjectTests */ = {
			isa = PBXGroup;
			children = (
				08C3817520E186DD002E8EEA /* finalProjectTests.swift */,
				08C3817720E186DD002E8EEA /* Info.plist */,
			);
			path = finalProjectTests;
			sourceTree = "<group>";
		};
		08C3817F20E186DD002E8EEA /* finalProjectUITests */ = {
			isa = PBXGroup;
			children = (
				08C3818020E186DD002E8EEA /* finalProjectUITests.swift */,
				08C3818220E186DD002E8EEA /* Info.plist */,
			);
			path = finalProjectUITests;
			sourceTree = "<group>";
		};
/* End PBXGroup section */

/* Begin PBXNativeTarget section */
		08C3815920E186DD002E8EEA /* finalProject */ = {
			isa = PBXNativeTarget;
			buildConfigurationList = 08C3818520E186DD002E8EEA /* Build configuration list for PBXNativeTarget "finalProject" */;
			buildPhases = (
				08C3815620E186DD002E8EEA /* Sources */,
				08C3815720E186DD002E8EEA /* Frameworks */,
				08C3815820E186DD002E8EEA /* Resources */,
			);
			buildRules = (
			);
			dependencies = (
			);
			name = finalProject;
			productName = finalProject;
			productReference = 08C3815A20E186DD002E8EEA /* finalProject.app */;
			productType = "com.apple.product-type.application";
		};
		08C3817020E186DD002E8EEA /* finalProjectTests */ = {
			isa = PBXNativeTarget;
			buildConfigurationList = 08C3818820E186DD002E8EEA /* Build configuration list for PBXNativeTarget "finalProjectTests" */;
			buildPhases = (
				08C3816D20E186DD002E8EEA /* Sources */,
				08C3816E20E186DD002E8EEA /* Frameworks */,
				08C3816F20E186DD002E8EEA /* Resources */,
			);
			buildRules = (
			);
			dependencies = (
				08C3817320E186DD002E8EEA /* PBXTargetDependency */,
			);
			name = finalProjectTests;
			productName = finalProjectTests;
			productReference = 08C3817120E186DD002E8EEA /* finalProjectTests.xctest */;
			productType = "com.apple.product-type.bundle.unit-test";
		};
		08C3817B20E186DD002E8EEA /* finalProjectUITests */ = {
			isa = PBXNativeTarget;
			buildConfigurationList = 08C3818B20E186DD002E8EEA /* Build configuration list for PBXNativeTarget "finalProjectUITests" */;
			buildPhases = (
				08C3817820E186DD002E8EEA /* Sources */,
				08C3817920E186DD002E8EEA /* Frameworks */,
				08C3817A20E186DD002E8EEA /* Resources */,
			);
			buildRules = (
			);
			dependencies = (
				08C3817E20E186DD002E8EEA /* PBXTargetDependency */,
			);
			name = finalProjectUITests;
			productName = finalProjectUITests;
			productReference = 08C3817C20E186DD002E8EEA /* finalProjectUITests.xctest */;
			productType = "com.apple.product-type.bundle.ui-testing";
		};
/* End PBXNativeTarget section */

/* Begin PBXProject section */
		08C3815220E186DD002E8EEA /* Project object */ = {
			isa = PBXProject;
			attributes = {
				LastSwiftUpdateCheck = 0940;
				LastUpgradeCheck = 0940;
				ORGANIZATIONNAME = "Vivian Phung";
				TargetAttributes = {
					08C3815920E186DD002E8EEA = {
						CreatedOnToolsVersion = 9.4.1;
					};
					08C3817020E186DD002E8EEA = {
						CreatedOnToolsVersion = 9.4.1;
						TestTargetID = 08C3815920E186DD002E8EEA;
					};
					08C3817B20E186DD002E8EEA = {
						CreatedOnToolsVersion = 9.4.1;
						TestTargetID = 08C3815920E186DD002E8EEA;
					};
				};
			};
			buildConfigurationList = 08C3815520E186DD002E8EEA /* Build configuration list for PBXProject "finalProject" */;
			compatibilityVersion = "Xcode 9.3";
			developmentRegion = en;
			hasScannedForEncodings = 0;
			knownRegions = (
				en,
				Base,
			);
			mainGroup = 08C3815120E186DD002E8EEA;
			productRefGroup = 08C3815B20E186DD002E8EEA /* Products */;
			projectDirPath = "";
			projectRoot = "";
			targets = (
				08C3815920E186DD002E8EEA /* finalProject */,
				08C3817020E186DD002E8EEA /* finalProjectTests */,
				08C3817B20E186DD002E8EEA /* finalProjectUITests */,
			);
		};
/* End PBXProject section */

/* Begin PBXResourcesBuildPhase section */
		08C3815820E186DD002E8EEA /* Resources */ = {
			isa = PBXResourcesBuildPhase;
			buildActionMask = 2147483647;
			files = (
				08C3816B20E186DD002E8EEA /* LaunchScreen.storyboard in Resources */,
				08C3816820E186DD002E8EEA /* Assets.xcassets in Resources */,
				08C3816320E186DD002E8EEA /* Main.storyboard in Resources */,
			);
			runOnlyForDeploymentPostprocessing = 0;
		};
		08C3816F20E186DD002E8EEA /* Resources */ = {
			isa = PBXResourcesBuildPhase;
			buildActionMask = 2147483647;
			files = (
			);
			runOnlyForDeploymentPostprocessing = 0;
		};
		08C3817A20E186DD002E8EEA /* Resources */ = {
			isa = PBXResourcesBuildPhase;
			buildActionMask = 2147483647;
			files = (
			);
			runOnlyForDeploymentPostprocessing = 0;
		};
/* End PBXResourcesBuildPhase section */

/* Begin PBXSourcesBuildPhase section */
		08C3815620E186DD002E8EEA /* Sources */ = {
			isa = PBXSourcesBuildPhase;
			buildActionMask = 2147483647;
			files = (
				08C3816020E186DD002E8EEA /* ViewController.swift in Sources */,
				0895AF0120E2A3A9005CC207 /* GetInfoViewController.swift in Sources */,
				0895AF0320E2A3C6005CC207 /* ShowInfoViewController.swift in Sources */,
				08C3816620E186DD002E8EEA /* finalProject.xcdatamodeld in Sources */,
				08C3815E20E186DD002E8EEA /* AppDelegate.swift in Sources */,
			);
			runOnlyForDeploymentPostprocessing = 0;
		};
		08C3816D20E186DD002E8EEA /* Sources */ = {
			isa = PBXSourcesBuildPhase;
			buildActionMask = 2147483647;
			files = (
				08C3817620E186DD002E8EEA /* finalProjectTests.swift in Sources */,
			);
			runOnlyForDeploymentPostprocessing = 0;
		};
		08C3817820E186DD002E8EEA /* Sources */ = {
			isa = PBXSourcesBuildPhase;
			buildActionMask = 2147483647;
			files = (
				08C3818120E186DD002E8EEA /* finalProjectUITests.swift in Sources */,
			);
			runOnlyForDeploymentPostprocessing = 0;
		};
/* End PBXSourcesBuildPhase section */

/* Begin PBXTargetDependency section */
		08C3817320E186DD002E8EEA /* PBXTargetDependency */ = {
			isa = PBXTargetDependency;
			target = 08C3815920E186DD002E8EEA /* finalProject */;
			targetProxy = 08C3817220E186DD002E8EEA /* PBXContainerItemProxy */;
		};
		08C3817E20E186DD002E8EEA /* PBXTargetDependency */ = {
			isa = PBXTargetDependency;
			target = 08C3815920E186DD002E8EEA /* finalProject */;
			targetProxy = 08C3817D20E186DD002E8EEA /* PBXContainerItemProxy */;
		};
/* End PBXTargetDependency section */

/* Begin PBXVariantGroup section */
		08C3816120E186DD002E8EEA /* Main.storyboard */ = {
			isa = PBXVariantGroup;
			children = (
				08C3816220E186DD002E8EEA /* Base */,
			);
			name = Main.storyboard;
			sourceTree = "<group>";
		};
		08C3816920E186DD002E8EEA /* LaunchScreen.storyboard */ = {
			isa = PBXVariantGroup;
			children = (
				08C3816A20E186DD002E8EEA /* Base */,
			);
			name = LaunchScreen.storyboard;
			sourceTree = "<group>";
		};
/* End PBXVariantGroup section */

/* Begin XCBuildConfiguration section */
		08C3818320E186DD002E8EEA /* Debug */ = {
			isa = XCBuildConfiguration;
			buildSettings = {
				ALWAYS_SEARCH_USER_PATHS = NO;
				CLANG_ANALYZER_NONNULL = YES;
				CLANG_ANALYZER_NUMBER_OBJECT_CONVERSION = YES_AGGRESSIVE;
				CLANG_CXX_LANGUAGE_STANDARD = "gnu++14";
				CLANG_CXX_LIBRARY = "libc++";
				CLANG_ENABLE_MODULES = YES;
				CLANG_ENABLE_OBJC_ARC = YES;
				CLANG_ENABLE_OBJC_WEAK = YES;
				CLANG_WARN_BLOCK_CAPTURE_AUTORELEASING = YES;
				CLANG_WARN_BOOL_CONVERSION = YES;
				CLANG_WARN_COMMA = YES;
				CLANG_WARN_CONSTANT_CONVERSION = YES;
				CLANG_WARN_DEPRECATED_OBJC_IMPLEMENTATIONS = YES;
				CLANG_WARN_DIRECT_OBJC_ISA_USAGE = YES_ERROR;
				CLANG_WARN_DOCUMENTATION_COMMENTS = YES;
				CLANG_WARN_EMPTY_BODY = YES;
				CLANG_WARN_ENUM_CONVERSION = YES;
				CLANG_WARN_INFINITE_RECURSION = YES;
				CLANG_WARN_INT_CONVERSION = YES;
				CLANG_WARN_NON_LITERAL_NULL_CONVERSION = YES;
				CLANG_WARN_OBJC_IMPLICIT_RETAIN_SELF = YES;
				CLANG_WARN_OBJC_LITERAL_CONVERSION = YES;
				CLANG_WARN_OBJC_ROOT_CLASS = YES_ERROR;
				CLANG_WARN_RANGE_LOOP_ANALYSIS = YES;
				CLANG_WARN_STRICT_PROTOTYPES = YES;
				CLANG_WARN_SUSPICIOUS_MOVE = YES;
				CLANG_WARN_UNGUARDED_AVAILABILITY = YES_AGGRESSIVE;
				CLANG_WARN_UNREACHABLE_CODE = YES;
				CLANG_WARN__DUPLICATE_METHOD_MATCH = YES;
				CODE_SIGN_IDENTITY = "iPhone Developer";
				COPY_PHASE_STRIP = NO;
				DEBUG_INFORMATION_FORMAT = dwarf;
				ENABLE_STRICT_OBJC_MSGSEND = YES;
				ENABLE_TESTABILITY = YES;
				GCC_C_LANGUAGE_STANDARD = gnu11;
				GCC_DYNAMIC_NO_PIC = NO;
				GCC_NO_COMMON_BLOCKS = YES;
				GCC_OPTIMIZATION_LEVEL = 0;
				GCC_PREPROCESSOR_DEFINITIONS = (
					"DEBUG=1",
					"$(inherited)",
				);
				GCC_WARN_64_TO_32_BIT_CONVERSION = YES;
				GCC_WARN_ABOUT_RETURN_TYPE = YES_ERROR;
				GCC_WARN_UNDECLARED_SELECTOR = YES;
				GCC_WARN_UNINITIALIZED_AUTOS = YES_AGGRESSIVE;
				GCC_WARN_UNUSED_FUNCTION = YES;
				GCC_WARN_UNUSED_VARIABLE = YES;
				IPHONEOS_DEPLOYMENT_TARGET = 11.4;
				MTL_ENABLE_DEBUG_INFO = YES;
				ONLY_ACTIVE_ARCH = YES;
				SDKROOT = iphoneos;
				SWIFT_ACTIVE_COMPILATION_CONDITIONS = DEBUG;
				SWIFT_OPTIMIZATION_LEVEL = "-Onone";
			};
			name = Debug;
		};
		08C3818420E186DD002E8EEA /* Release */ = {
			isa = XCBuildConfiguration;
			buildSettings = {
				ALWAYS_SEARCH_USER_PATHS = NO;
				CLANG_ANALYZER_NONNULL = YES;
				CLANG_ANALYZER_NUMBER_OBJECT_CONVERSION = YES_AGGRESSIVE;
				CLANG_CXX_LANGUAGE_STANDARD = "gnu++14";
				CLANG_CXX_LIBRARY = "libc++";
				CLANG_ENABLE_MODULES = YES;
				CLANG_ENABLE_OBJC_ARC = YES;
				CLANG_ENABLE_OBJC_WEAK = YES;
				CLANG_WARN_BLOCK_CAPTURE_AUTORELEASING = YES;
				CLANG_WARN_BOOL_CONVERSION = YES;
				CLANG_WARN_COMMA = YES;
				CLANG_WARN_CONSTANT_CONVERSION = YES;
				CLANG_WARN_DEPRECATED_OBJC_IMPLEMENTATIONS = YES;
				CLANG_WARN_DIRECT_OBJC_ISA_USAGE = YES_ERROR;
				CLANG_WARN_DOCUMENTATION_COMMENTS = YES;
				CLANG_WARN_EMPTY_BODY = YES;
				CLANG_WARN_ENUM_CONVERSION = YES;
				CLANG_WARN_INFINITE_RECURSION = YES;
				CLANG_WARN_INT_CONVERSION = YES;
				CLANG_WARN_NON_LITERAL_NULL_CONVERSION = YES;
				CLANG_WARN_OBJC_IMPLICIT_RETAIN_SELF = YES;
				CLANG_WARN_OBJC_LITERAL_CONVERSION = YES;
				CLANG_WARN_OBJC_ROOT_CLASS = YES_ERROR;
				CLANG_WARN_RANGE_LOOP_ANALYSIS = YES;
				CLANG_WARN_STRICT_PROTOTYPES = YES;
				CLANG_WARN_SUSPICIOUS_MOVE = YES;
				CLANG_WARN_UNGUARDED_AVAILABILITY = YES_AGGRESSIVE;
				CLANG_WARN_UNREACHABLE_CODE = YES;
				CLANG_WARN__DUPLICATE_METHOD_MATCH = YES;
				CODE_SIGN_IDENTITY = "iPhone Developer";
				COPY_PHASE_STRIP = NO;
				DEBUG_INFORMATION_FORMAT = "dwarf-with-dsym";
				ENABLE_NS_ASSERTIONS = NO;
				ENABLE_STRICT_OBJC_MSGSEND = YES;
				GCC_C_LANGUAGE_STANDARD = gnu11;
				GCC_NO_COMMON_BLOCKS = YES;
				GCC_WARN_64_TO_32_BIT_CONVERSION = YES;
				GCC_WARN_ABOUT_RETURN_TYPE = YES_ERROR;
				GCC_WARN_UNDECLARED_SELECTOR = YES;
				GCC_WARN_UNINITIALIZED_AUTOS = YES_AGGRESSIVE;
				GCC_WARN_UNUSED_FUNCTION = YES;
				GCC_WARN_UNUSED_VARIABLE = YES;
				IPHONEOS_DEPLOYMENT_TARGET = 11.4;
				MTL_ENABLE_DEBUG_INFO = NO;
				SDKROOT = iphoneos;
				SWIFT_COMPILATION_MODE = wholemodule;
				SWIFT_OPTIMIZATION_LEVEL = "-O";
				VALIDATE_PRODUCT = YES;
			};
			name = Release;
		};
		08C3818620E186DD002E8EEA /* Debug */ = {
			isa = XCBuildConfiguration;
			buildSettings = {
				ASSETCATALOG_COMPILER_APPICON_NAME = AppIcon;
				CODE_SIGN_STYLE = Automatic;
				DEVELOPMENT_TEAM = 9SAQ42S589;
				INFOPLIST_FILE = finalProject/Info.plist;
				LD_RUNPATH_SEARCH_PATHS = (
					"$(inherited)",
					"@executable_path/Frameworks",
				);
				PRODUCT_BUNDLE_IDENTIFIER = com.VivianPhung.finalProject;
				PRODUCT_NAME = "$(TARGET_NAME)";
				SWIFT_VERSION = 4.0;
				TARGETED_DEVICE_FAMILY = "1,2";
			};
			name = Debug;
		};
		08C3818720E186DD002E8EEA /* Release */ = {
			isa = XCBuildConfiguration;
			buildSettings = {
				ASSETCATALOG_COMPILER_APPICON_NAME = AppIcon;
				CODE_SIGN_STYLE = Automatic;
				DEVELOPMENT_TEAM = 9SAQ42S589;
				INFOPLIST_FILE = finalProject/Info.plist;
				LD_RUNPATH_SEARCH_PATHS = (
					"$(inherited)",
					"@executable_path/Frameworks",
				);
				PRODUCT_BUNDLE_IDENTIFIER = com.VivianPhung.finalProject;
				PRODUCT_NAME = "$(TARGET_NAME)";
				SWIFT_VERSION = 4.0;
				TARGETED_DEVICE_FAMILY = "1,2";
			};
			name = Release;
		};
		08C3818920E186DD002E8EEA /* Debug */ = {
			isa = XCBuildConfiguration;
			buildSettings = {
				ALWAYS_EMBED_SWIFT_STANDARD_LIBRARIES = YES;
				BUNDLE_LOADER = "$(TEST_HOST)";
				CODE_SIGN_STYLE = Automatic;
				DEVELOPMENT_TEAM = 9SAQ42S589;
				INFOPLIST_FILE = finalProjectTests/Info.plist;
				LD_RUNPATH_SEARCH_PATHS = (
					"$(inherited)",
					"@executable_path/Frameworks",
					"@loader_path/Frameworks",
				);
				PRODUCT_BUNDLE_IDENTIFIER = com.VivianPhung.finalProjectTests;
				PRODUCT_NAME = "$(TARGET_NAME)";
				SWIFT_VERSION = 4.0;
				TARGETED_DEVICE_FAMILY = "1,2";
				TEST_HOST = "$(BUILT_PRODUCTS_DIR)/finalProject.app/finalProject";
			};
			name = Debug;
		};
		08C3818A20E186DD002E8EEA /* Release */ = {
			isa = XCBuildConfiguration;
			buildSettings = {
				ALWAYS_EMBED_SWIFT_STANDARD_LIBRARIES = YES;
				BUNDLE_LOADER = "$(TEST_HOST)";
				CODE_SIGN_STYLE = Automatic;
				DEVELOPMENT_TEAM = 9SAQ42S589;
				INFOPLIST_FILE = finalProjectTests/Info.plist;
				LD_RUNPATH_SEARCH_PATHS = (
					"$(inherited)",
					"@executable_path/Frameworks",
					"@loader_path/Frameworks",
				);
				PRODUCT_BUNDLE_IDENTIFIER = com.VivianPhung.finalProjectTests;
				PRODUCT_NAME = "$(TARGET_NAME)";
				SWIFT_VERSION = 4.0;
				TARGETED_DEVICE_FAMILY = "1,2";
				TEST_HOST = "$(BUILT_PRODUCTS_DIR)/finalProject.app/finalProject";
			};
			name = Release;
		};
		08C3818C20E186DD002E8EEA /* Debug */ = {
			isa = XCBuildConfiguration;
			buildSettings = {
				ALWAYS_EMBED_SWIFT_STANDARD_LIBRARIES = YES;
				CODE_SIGN_STYLE = Automatic;
				DEVELOPMENT_TEAM = 9SAQ42S589;
				INFOPLIST_FILE = finalProjectUITests/Info.plist;
				LD_RUNPATH_SEARCH_PATHS = (
					"$(inherited)",
					"@executable_path/Frameworks",
					"@loader_path/Frameworks",
				);
				PRODUCT_BUNDLE_IDENTIFIER = com.VivianPhung.finalProjectUITests;
				PRODUCT_NAME = "$(TARGET_NAME)";
				SWIFT_VERSION = 4.0;
				TARGETED_DEVICE_FAMILY = "1,2";
				TEST_TARGET_NAME = finalProject;
			};
			name = Debug;
		};
		08C3818D20E186DD002E8EEA /* Release */ = {
			isa = XCBuildConfiguration;
			buildSettings = {
				ALWAYS_EMBED_SWIFT_STANDARD_LIBRARIES = YES;
				CODE_SIGN_STYLE = Automatic;
				DEVELOPMENT_TEAM = 9SAQ42S589;
				INFOPLIST_FILE = finalProjectUITests/Info.plist;
				LD_RUNPATH_SEARCH_PATHS = (
					"$(inherited)",
					"@executable_path/Frameworks",
					"@loader_path/Frameworks",
				);
				PRODUCT_BUNDLE_IDENTIFIER = com.VivianPhung.finalProjectUITests;
				PRODUCT_NAME = "$(TARGET_NAME)";
				SWIFT_VERSION = 4.0;
				TARGETED_DEVICE_FAMILY = "1,2";
				TEST_TARGET_NAME = finalProject;
			};
			name = Release;
		};
/* End XCBuildConfiguration section */

/* Begin XCConfigurationList section */
		08C3815520E186DD002E8EEA /* Build configuration list for PBXProject "finalProject" */ = {
			isa = XCConfigurationList;
			buildConfigurations = (
				08C3818320E186DD002E8EEA /* Debug */,
				08C3818420E186DD002E8EEA /* Release */,
			);
			defaultConfigurationIsVisible = 0;
			defaultConfigurationName = Release;
		};
		08C3818520E186DD002E8EEA /* Build configuration list for PBXNativeTarget "finalProject" */ = {
			isa = XCConfigurationList;
			buildConfigurations = (
				08C3818620E186DD002E8EEA /* Debug */,
				08C3818720E186DD002E8EEA /* Release */,
			);
			defaultConfigurationIsVisible = 0;
			defaultConfigurationName = Release;
		};
		08C3818820E186DD002E8EEA /* Build configuration list for PBXNativeTarget "finalProjectTests" */ = {
			isa = XCConfigurationList;
			buildConfigurations = (
				08C3818920E186DD002E8EEA /* Debug */,
				08C3818A20E186DD002E8EEA /* Release */,
			);
			defaultConfigurationIsVisible = 0;
			defaultConfigurationName = Release;
		};
		08C3818B20E186DD002E8EEA /* Build configuration list for PBXNativeTarget "finalProjectUITests" */ = {
			isa = XCConfigurationList;
			buildConfigurations = (
				08C3818C20E186DD002E8EEA /* Debug */,
				08C3818D20E186DD002E8EEA /* Release */,
			);
			defaultConfigurationIsVisible = 0;
			defaultConfigurationName = Release;
		};
/* End XCConfigurationList section */

/* Begin XCVersionGroup section */
		08C3816420E186DD002E8EEA /* finalProject.xcdatamodeld */ = {
			isa = XCVersionGroup;
			children = (
				08C3816520E186DD002E8EEA /* finalProject.xcdatamodel */,
			);
			currentVersion = 08C3816520E186DD002E8EEA /* finalProject.xcdatamodel */;
			path = finalProject.xcdatamodeld;
			sourceTree = "<group>";
			versionGroupType = wrapper.xcdatamodel;
		};
/* End XCVersionGroup section */
	};
	rootObject = 08C3815220E186DD002E8EEA /* Project object */;
}
